{
  "name": "@technologies/dungeonrush",
  "version": "0.1.0",
  "lockfileVersion": 3,
  "requires": true,
  "packages": {
    "": {
      "name": "@technologies/dungeonrush",
      "version": "0.1.0",
      "dependencies": {
        "@minecraft/server": "^1.6.0-beta",
        "decode-uri-component": "^0.2.2"
      },
      "devDependencies": {
        "source-map": "^0.7.4",
        "typescript": "^4.4.3"
      }
    },
    "node_modules/@minecraft/common": {
      "version": "1.0.0",
      "resolved": "https://registry.npmjs.org/@minecraft/common/-/common-1.0.0.tgz",
      "integrity": "sha512-7WObMvUWaS2zBVBZwc150Kd/apLUYa5tx2fvkLe3JoviEKm7QjZNLghZV9sV/STXmd9k3HBKTKvRyGdNaTIVBA=="
    },
    "node_modules/@minecraft/server": {
      "version": "1.6.0",
      "resolved": "https://registry.npmjs.org/@minecraft/server/-/server-1.6.0.tgz",
      "integrity": "sha512-V/jt0tY5aFnOPriFqOdWwdBSX+Pg/B/VGEynwZuST5yZLuBfJ1xb3888o1j//npFUbjv5iLQdm19ZbHscUrf5w==",
      "dependencies": {
        "@minecraft/common": "^1.0.0"
      }
    },
    "node_modules/decode-uri-component": {
      "version": "0.2.2",
      "resolved": "https://registry.npmjs.org/decode-uri-component/-/decode-uri-component-0.2.2.tgz",
      "integrity": "sha512-FqUYQ+8o158GyGTrMFJms9qh3CqTKvAqgqsTnkLI8sKu0028orqBhxNMFkFen0zGyg6epACD32pjVk58ngIErQ==",
      "engines": {
        "node": ">=0.10"
      }
    },
    "node_modules/source-map": {
      "version": "0.7.4",
      "resolved": "https://registry.npmjs.org/source-map/-/source-map-0.7.4.tgz",
      "integrity": "sha512-l3BikUxvPOcn5E74dZiq5BGsTb5yEwhaTSzccU6t4sDOH8NWJCstKO5QT2CvtFoK6F0saL7p9xHAqHOlCPJygA==",
      "dev": true,
      "engines": {
        "node": ">= 8"
      }
    },
    "node_modules/typescript": {
      "version": "4.9.5",
      "resolved": "https://registry.npmjs.org/typescript/-/typescript-4.9.5.tgz",
      "integrity": "sha512-1FXk9E2Hm+QzZQ7z+McJiHL4NW1F2EzMu9Nq9i3zAaGqibafqYwCVU6WyWAuyQRRzOlxou8xZSyXLEN8oKj24g==",
      "dev": true,
      "bin": {
        "tsc": "bin/tsc",
        "tsserver": "bin/tsserver"
      },
      "engines": {
        "node": ">=4.2.0"
      }
    }
  }
}
